PODS:
  - apple_pay_flutter (0.0.1):
    - Flutter
  - Flutter (1.0.0)

DEPENDENCIES:
  - apple_pay_flutter (from `.symlinks/plugins/apple_pay_flutter/ios`)
  - Flutter (from `Flutter`)

EXTERNAL SOURCES:
  apple_pay_flutter:
    :path: ".symlinks/plugins/apple_pay_flutter/ios"
  Flutter:
    :path: Flutter

SPEC CHECKSUMS:
  apple_pay_flutter: 7e97b775270808a46dfacf7d96959ef969b59b14
  Flutter: 434fef37c0980e73bb6479ef766c45957d4b510c

PODFILE CHECKSUM: aafe91acc616949ddb318b77800a7f51bffa2a4c

COCOAPODS: 1.10.0
